
Microsoft Visual Studio Solution File, Format Version 12.00
# Visual Studio Version 17
VisualStudioVersion = 17.13.35913.81
MinimumVisualStudioVersion = 10.0.40219.1
Project("{FAE04EC0-301F-11D3-BF4B-00C04F79EFBC}") = "FaroShuffleSimulator", "FaroShuffleSimulator\FaroShuffleSimulator.csproj", "{D1B64C6E-B978-4385-8AA2-4DF1CF190001}"
EndProject
Global
	GlobalSection(SolutionConfigurationPlatforms) = preSolution
		Debug|Any CPU = Debug|Any CPU
		Release|Any CPU = Release|Any CPU
	EndGlobalSection
	GlobalSection(ProjectConfigurationPlatforms) = postSolution
		{D1B64C6E-B978-4385-8AA2-4DF1CF190001}.Debug|Any CPU.ActiveCfg = Debug|Any CPU
		{D1B64C6E-B978-4385-8AA2-4DF1CF190001}.Debug|Any CPU.Build.0 = Debug|Any CPU
		{D1B64C6E-B978-4385-8AA2-4DF1CF190001}.Release|Any CPU.ActiveCfg = Release|Any CPU
		{D1B64C6E-B978-4385-8AA2-4DF1CF190001}.Release|Any CPU.Build.0 = Release|Any CPU
	EndGlobalSection
	GlobalSection(SolutionProperties) = preSolution
		HideSolutionNode = FALSE
	EndGlobalSection
	GlobalSection(ExtensibilityGlobals) = postSolution
		SolutionGuid = {C3893EE6-B0C8-4693-9C15-323DC92BBFDC}
	EndGlobalSection
EndGlobal
